
Microsoft Visual Studio Solution File, Format Version 12.00
# Visual Studio 15
VisualStudioVersion = 15.0.27130.2010
MinimumVisualStudioVersion = 10.0.40219.1
Project("{9A19103F-16F7-4668-BE54-9A1E7A4F7556}") = "HOPEless", "HOPEless\HOPEless.csproj", "{71E97C67-5873-4EDC-84AF-4497C4B5C032}"
EndProject
Project("{9A19103F-16F7-4668-BE54-9A1E7A4F7556}") = "osu.Shared", "osu.Shared\osu.Shared\osu.Shared.csproj", "{F6BB7977-6CAA-4513-9E7B-D68868606B1B}"
EndProject
Global
	GlobalSection(SolutionConfigurationPlatforms) = preSolution
		Debug|Any CPU = Debug|Any CPU
		Release|Any CPU = Release|Any CPU
	EndGlobalSection
	GlobalSection(ProjectConfigurationPlatforms) = postSolution
		{71E97C67-5873-4EDC-84AF-4497C4B5C032}.Debug|Any CPU.ActiveCfg = Debug|Any CPU
		{71E97C67-5873-4EDC-84AF-4497C4B5C032}.Debug|Any CPU.Build.0 = Debug|Any CPU
		{71E97C67-5873-4EDC-84AF-4497C4B5C032}.Release|Any CPU.ActiveCfg = Release|Any CPU
		{71E97C67-5873-4EDC-84AF-4497C4B5C032}.Release|Any CPU.Build.0 = Release|Any CPU
		{F6BB7977-6CAA-4513-9E7B-D68868606B1B}.Debug|Any CPU.ActiveCfg = Debug|Any CPU
		{F6BB7977-6CAA-4513-9E7B-D68868606B1B}.Debug|Any CPU.Build.0 = Debug|Any CPU
		{F6BB7977-6CAA-4513-9E7B-D68868606B1B}.Release|Any CPU.ActiveCfg = Release|Any CPU
		{F6BB7977-6CAA-4513-9E7B-D68868606B1B}.Release|Any CPU.Build.0 = Release|Any CPU
	EndGlobalSection
	GlobalSection(SolutionProperties) = preSolution
		HideSolutionNode = FALSE
	EndGlobalSection
	GlobalSection(ExtensibilityGlobals) = postSolution
		SolutionGuid = {C4A89F1B-9E68-40B2-8BE0-64A12B5EE9F2}
	EndGlobalSection
EndGlobal
